// !$*UTF8*$!
{
	archiveVersion = 1;
	classes = {
	};
	objectVersion = 46;
	objects = {

/* Begin PBXBuildFile section */
		41E8FE411B30D3A700184B4B /* AppDelegate.swift in Sources */ = {isa = PBXBuildFile; fileRef = 41E8FE401B30D3A700184B4B /* AppDelegate.swift */; };
		41E8FE431B30D3A700184B4B /* ViewController.swift in Sources */ = {isa = PBXBuildFile; fileRef = 41E8FE421B30D3A700184B4B /* ViewController.swift */; };
		41E8FE461B30D3A700184B4B /* Main.storyboard in Resources */ = {isa = PBXBuildFile; fileRef = 41E8FE441B30D3A700184B4B /* Main.storyboard */; };
		41E8FE481B30D3A700184B4B /* Images.xcassets in Resources */ = {isa = PBXBuildFile; fileRef = 41E8FE471B30D3A700184B4B /* Images.xcassets */; };
		41E8FE4B1B30D3A700184B4B /* LaunchScreen.xib in Resources */ = {isa = PBXBuildFile; fileRef = 41E8FE491B30D3A700184B4B /* LaunchScreen.xib */; };
		41E8FE571B30D3A700184B4B /* LoginProjectTests.swift in Sources */ = {isa = PBXBuildFile; fileRef = 41E8FE561B30D3A700184B4B /* LoginProjectTests.swift */; };
/* End PBXBuildFile section */

/* Begin PBXContainerItemProxy section */
		41E8FE511B30D3A700184B4B /* PBXContainerItemProxy */ = {
			isa = PBXContainerItemProxy;
			containerPortal = 41E8FE331B30D3A700184B4B /* Project object */;
			proxyType = 1;
			remoteGlobalIDString = 41E8FE3A1B30D3A700184B4B;
			remoteInfo = LoginProject;
		};
/* End PBXContainerItemProxy section */

/* Begin PBXFileReference section */
		41E8FE3B1B30D3A700184B4B /* LoginProject.app */ = {isa = PBXFileReference; explicitFileType = wrapper.application; includeInIndex = 0; path = LoginProject.app; sourceTree = BUILT_PRODUCTS_DIR; };
		41E8FE3F1B30D3A700184B4B /* Info.plist */ = {isa = PBXFileReference; lastKnownFileType = text.plist.xml; path = Info.plist; sourceTree = "<group>"; };
		41E8FE401B30D3A700184B4B /* AppDelegate.swift */ = {isa = PBXFileReference; lastKnownFileType = sourcecode.swift; path = AppDelegate.swift; sourceTree = "<group>"; };
		41E8FE421B30D3A700184B4B /* ViewController.swift */ = {isa = PBXFileReference; lastKnownFileType = sourcecode.swift; path = ViewController.swift; sourceTree = "<group>"; };
		41E8FE451B30D3A700184B4B /* Base */ = {isa = PBXFileReference; lastKnownFileType = file.storyboard; name = Base; path = Base.lproj/Main.storyboard; sourceTree = "<group>"; };
		41E8FE471B30D3A700184B4B /* Images.xcassets */ = {isa = PBXFileReference; lastKnownFileType = folder.assetcatalog; path = Images.xcassets; sourceTree = "<group>"; };
		41E8FE4A1B30D3A700184B4B /* Base */ = {isa = PBXFileReference; lastKnownFileType = file.xib; name = Base; path = Base.lproj/LaunchScreen.xib; sourceTree = "<group>"; };
		41E8FE501B30D3A700184B4B /* LoginProjectTests.xctest */ = {isa = PBXFileReference; explicitFileType = wrapper.cfbundle; includeInIndex = 0; path = LoginProjectTests.xctest; sourceTree = BUILT_PRODUCTS_DIR; };
		41E8FE551B30D3A700184B4B /* Info.plist */ = {isa = PBXFileReference; lastKnownFileType = text.plist.xml; path = Info.plist; sourceTree = "<group>"; };
		41E8FE561B30D3A700184B4B /* LoginProjectTests.swift */ = {isa = PBXFileReference; lastKnownFileType = sourcecode.swift; path = LoginProjectTests.swift; sourceTree = "<group>"; };
/* End PBXFileReference section */

/* Begin PBXFrameworksBuildPhase section */
		41E8FE381B30D3A700184B4B /* Frameworks */ = {
			isa = PBXFrameworksBuildPhase;
			buildActionMask = 2147483647;
			files = (
			);
			runOnlyForDeploymentPostprocessing = 0;
		};
		41E8FE4D1B30D3A700184B4B /* Frameworks */ = {
			isa = PBXFrameworksBuildPhase;
			buildActionMask = 2147483647;
			files = (
			);
			runOnlyForDeploymentPostprocessing = 0;
		};
/* End PBXFrameworksBuildPhase section */

/* Begin PBXGroup section */
		41E8FE321B30D3A700184B4B = {
			isa = PBXGroup;
			children = (
				41E8FE3D1B30D3A700184B4B /* LoginProject */,
				41E8FE531B30D3A700184B4B /* LoginProjectTests */,
				41E8FE3C1B30D3A700184B4B /* Products */,
			);
			sourceTree = "<group>";
		};
		41E8FE3C1B30D3A700184B4B /* Products */ = {
			isa = PBXGroup;
			children = (
				41E8FE3B1B30D3A700184B4B /* LoginProject.app */,
				41E8FE501B30D3A700184B4B /* LoginProjectTests.xctest */,
			);
			name = Products;
			sourceTree = "<group>";
		};
		41E8FE3D1B30D3A700184B4B /* LoginProject */ = {
			isa = PBXGroup;
			children = (
				41E8FE401B30D3A700184B4B /* AppDelegate.swift */,
				41E8FE421B30D3A700184B4B /* ViewController.swift */,
				41E8FE441B30D3A700184B4B /* Main.storyboard */,
				41E8FE471B30D3A700184B4B /* Images.xcassets */,
				41E8FE491B30D3A700184B4B /* LaunchScreen.xib */,
				41E8FE3E1B30D3A700184B4B /* Supporting Files */,
			);
			path = LoginProject;
			sourceTree = "<group>";
		};
		41E8FE3E1B30D3A700184B4B /* Supporting Files */ = {
			isa = PBXGroup;
			children = (
				41E8FE3F1B30D3A700184B4B /* Info.plist */,
			);
			name = "Supporting Files";
			sourceTree = "<group>";
		};
		41E8FE531B30D3A700184B4B /* LoginProjectTests */ = {
			isa = PBXGroup;
			children = (
				41E8FE561B30D3A700184B4B /* LoginProjectTests.swift */,
				41E8FE541B30D3A700184B4B /* Supporting Files */,
			);
			path = LoginProjectTests;
			sourceTree = "<group>";
		};
		41E8FE541B30D3A700184B4B /* Supporting Files */ = {
			isa = PBXGroup;
			children = (
				41E8FE551B30D3A700184B4B /* Info.plist */,
			);
			name = "Supporting Files";
			sourceTree = "<group>";
		};
/* End PBXGroup section */

/* Begin PBXNativeTarget section */
		41E8FE3A1B30D3A700184B4B /* LoginProject */ = {
			isa = PBXNativeTarget;
			buildConfigurationList = 41E8FE5A1B30D3A700184B4B /* Build configuration list for PBXNativeTarget "LoginProject" */;
			buildPhases = (
				41E8FE371B30D3A700184B4B /* Sources */,
				41E8FE381B30D3A700184B4B /* Frameworks */,
				41E8FE391B30D3A700184B4B /* Resources */,
			);
			buildRules = (
			);
			dependencies = (
			);
			name = LoginProject;
			productName = LoginProject;
			productReference = 41E8FE3B1B30D3A700184B4B /* LoginProject.app */;
			productType = "com.apple.product-type.application";
		};
		41E8FE4F1B30D3A700184B4B /* LoginProjectTests */ = {
			isa = PBXNativeTarget;
			buildConfigurationList = 41E8FE5D1B30D3A700184B4B /* Build configuration list for PBXNativeTarget "LoginProjectTests" */;
			buildPhases = (
				41E8FE4C1B30D3A700184B4B /* Sources */,
				41E8FE4D1B30D3A700184B4B /* Frameworks */,
				41E8FE4E1B30D3A700184B4B /* Resources */,
			);
			buildRules = (
			);
			dependencies = (
				41E8FE521B30D3A700184B4B /* PBXTargetDependency */,
			);
			name = LoginProjectTests;
			productName = LoginProjectTests;
			productReference = 41E8FE501B30D3A700184B4B /* LoginProjectTests.xctest */;
			productType = "com.apple.product-type.bundle.unit-test";
		};
/* End PBXNativeTarget section */

/* Begin PBXProject section */
		41E8FE331B30D3A700184B4B /* Project object */ = {
			isa = PBXProject;
			attributes = {
				LastUpgradeCheck = 0630;
				ORGANIZATIONNAME = Nic;
				TargetAttributes = {
					41E8FE3A1B30D3A700184B4B = {
						CreatedOnToolsVersion = 6.3.2;
					};
					41E8FE4F1B30D3A700184B4B = {
						CreatedOnToolsVersion = 6.3.2;
						TestTargetID = 41E8FE3A1B30D3A700184B4B;
					};
				};
			};
			buildConfigurationList = 41E8FE361B30D3A700184B4B /* Build configuration list for PBXProject "LoginProject" */;
			compatibilityVersion = "Xcode 3.2";
			developmentRegion = English;
			hasScannedForEncodings = 0;
			knownRegions = (
				en,
				Base,
			);
			mainGroup = 41E8FE321B30D3A700184B4B;
			productRefGroup = 41E8FE3C1B30D3A700184B4B /* Products */;
			projectDirPath = "";
			projectRoot = "";
			targets = (
				41E8FE3A1B30D3A700184B4B /* LoginProject */,
				41E8FE4F1B30D3A700184B4B /* LoginProjectTests */,
			);
		};
/* End PBXProject section */

/* Begin PBXResourcesBuildPhase section */
		41E8FE391B30D3A700184B4B /* Resources */ = {
			isa = PBXResourcesBuildPhase;
			buildActionMask = 2147483647;
			files = (
				41E8FE461B30D3A700184B4B /* Main.storyboard in Resources */,
				41E8FE4B1B30D3A700184B4B /* LaunchScreen.xib in Resources */,
				41E8FE481B30D3A700184B4B /* Images.xcassets in Resources */,
			);
			runOnlyForDeploymentPostprocessing = 0;
		};
		41E8FE4E1B30D3A700184B4B /* Resources */ = {
			isa = PBXResourcesBuildPhase;
			buildActionMask = 2147483647;
			files = (
			);
			runOnlyForDeploymentPostprocessing = 0;
		};
/* End PBXResourcesBuildPhase section */

/* Begin PBXSourcesBuildPhase section */
		41E8FE371B30D3A700184B4B /* Sources */ = {
			isa = PBXSourcesBuildPhase;
			buildActionMask = 2147483647;
			files = (
				41E8FE431B30D3A700184B4B /* ViewController.swift in Sources */,
				41E8FE411B30D3A700184B4B /* AppDelegate.swift in Sources */,
			);
			runOnlyForDeploymentPostprocessing = 0;
		};
		41E8FE4C1B30D3A700184B4B /* Sources */ = {
			isa = PBXSourcesBuildPhase;
			buildActionMask = 2147483647;
			files = (
				41E8FE571B30D3A700184B4B /* LoginProjectTests.swift in Sources */,
			);
			runOnlyForDeploymentPostprocessing = 0;
		};
/* End PBXSourcesBuildPhase section */

/* Begin PBXTargetDependency section */
		41E8FE521B30D3A700184B4B /* PBXTargetDependency */ = {
			isa = PBXTargetDependency;
			target = 41E8FE3A1B30D3A700184B4B /* LoginProject */;
			targetProxy = 41E8FE511B30D3A700184B4B /* PBXContainerItemProxy */;
		};
/* End PBXTargetDependency section */

/* Begin PBXVariantGroup section */
		41E8FE441B30D3A700184B4B /* Main.storyboard */ = {
			isa = PBXVariantGroup;
			children = (
				41E8FE451B30D3A700184B4B /* Base */,
			);
			name = Main.storyboard;
			sourceTree = "<group>";
		};
		41E8FE491B30D3A700184B4B /* LaunchScreen.xib */ = {
			isa = PBXVariantGroup;
			children = (
				41E8FE4A1B30D3A700184B4B /* Base */,
			);
			name = LaunchScreen.xib;
			sourceTree = "<group>";
		};
/* End PBXVariantGroup section */

/* Begin XCBuildConfiguration section */
		41E8FE581B30D3A700184B4B /* Debug */ = {
			isa = XCBuildConfiguration;
			buildSettings = {
				ALWAYS_SEARCH_USER_PATHS = NO;
				CLANG_CXX_LANGUAGE_STANDARD = "gnu++0x";
				CLANG_CXX_LIBRARY = "libc++";
				CLANG_ENABLE_MODULES = YES;
				CLANG_ENABLE_OBJC_ARC = YES;
				CLANG_WARN_BOOL_CONVERSION = YES;
				CLANG_WARN_CONSTANT_CONVERSION = YES;
				CLANG_WARN_DIRECT_OBJC_ISA_USAGE = YES_ERROR;
				CLANG_WARN_EMPTY_BODY = YES;
				CLANG_WARN_ENUM_CONVERSION = YES;
				CLANG_WARN_INT_CONVERSION = YES;
				CLANG_WARN_OBJC_ROOT_CLASS = YES_ERROR;
				CLANG_WARN_UNREACHABLE_CODE = YES;
				CLANG_WARN__DUPLICATE_METHOD_MATCH = YES;
				"CODE_SIGN_IDENTITY[sdk=iphoneos*]" = "iPhone Developer";
				COPY_PHASE_STRIP = NO;
				DEBUG_INFORMATION_FORMAT = "dwarf-with-dsym";
				ENABLE_STRICT_OBJC_MSGSEND = YES;
				GCC_C_LANGUAGE_STANDARD = gnu99;
				GCC_DYNAMIC_NO_PIC = NO;
				GCC_NO_COMMON_BLOCKS = YES;
				GCC_OPTIMIZATION_LEVEL = 0;
				GCC_PREPROCESSOR_DEFINITIONS = (
					"DEBUG=1",
					"$(inherited)",
				);
				GCC_SYMBOLS_PRIVATE_EXTERN = NO;
				GCC_WARN_64_TO_32_BIT_CONVERSION = YES;
				GCC_WARN_ABOUT_RETURN_TYPE = YES_ERROR;
				GCC_WARN_UNDECLARED_SELECTOR = YES;
				GCC_WARN_UNINITIALIZED_AUTOS = YES_AGGRESSIVE;
				GCC_WARN_UNUSED_FUNCTION = YES;
				GCC_WARN_UNUSED_VARIABLE = YES;
				IPHONEOS_DEPLOYMENT_TARGET = 8.3;
				MTL_ENABLE_DEBUG_INFO = YES;
				ONLY_ACTIVE_ARCH = YES;
				SDKROOT = iphoneos;
				SWIFT_OPTIMIZATION_LEVEL = "-Onone";
				TARGETED_DEVICE_FAMILY = "1,2";
			};
			name = Debug;
		};
		41E8FE591B30D3A700184B4B /* Release */ = {
			isa = XCBuildConfiguration;
			buildSettings = {
				ALWAYS_SEARCH_USER_PATHS = NO;
				CLANG_CXX_LANGUAGE_STANDARD = "gnu++0x";
				CLANG_CXX_LIBRARY = "libc++";
				CLANG_ENABLE_MODULES = YES;
				CLANG_ENABLE_OBJC_ARC = YES;
				CLANG_WARN_BOOL_CONVERSION = YES;
				CLANG_WARN_CONSTANT_CONVERSION = YES;
				CLANG_WARN_DIRECT_OBJC_ISA_USAGE = YES_ERROR;
				CLANG_WARN_EMPTY_BODY = YES;
				CLANG_WARN_ENUM_CONVERSION = YES;
				CLANG_WARN_INT_CONVERSION = YES;
				CLANG_WARN_OBJC_ROOT_CLASS = YES_ERROR;
				CLANG_WARN_UNREACHABLE_CODE = YES;
				CLANG_WARN__DUPLICATE_METHOD_MATCH = YES;
				"CODE_SIGN_IDENTITY[sdk=iphoneos*]" = "iPhone Developer";
				COPY_PHASE_STRIP = NO;
				DEBUG_INFORMATION_FORMAT = "dwarf-with-dsym";
				ENABLE_NS_ASSERTIONS = NO;
				ENABLE_STRICT_OBJC_MSGSEND = YES;
				GCC_C_LANGUAGE_STANDARD = gnu99;
				GCC_NO_COMMON_BLOCKS = YES;
				GCC_WARN_64_TO_32_BIT_CONVERSION = YES;
				GCC_WARN_ABOUT_RETURN_TYPE = YES_ERROR;
				GCC_WARN_UNDECLARED_SELECTOR = YES;
				GCC_WARN_UNINITIALIZED_AUTOS = YES_AGGRESSIVE;
				GCC_WARN_UNUSED_FUNCTION = YES;
				GCC_WARN_UNUSED_VARIABLE = YES;
				IPHONEOS_DEPLOYMENT_TARGET = 8.3;
				MTL_ENABLE_DEBUG_INFO = NO;
				SDKROOT = iphoneos;
				TARGETED_DEVICE_FAMILY = "1,2";
				VALIDATE_PRODUCT = YES;
			};
			name = Release;
		};
		41E8FE5B1B30D3A700184B4B /* Debug */ = {
			isa = XCBuildConfiguration;
			buildSettings = {
				ASSETCATALOG_COMPILER_APPICON_NAME = AppIcon;
				INFOPLIST_FILE = LoginProject/Info.plist;
				LD_RUNPATH_SEARCH_PATHS = "$(inherited) @executable_path/Frameworks";
				PRODUCT_NAME = "$(TARGET_NAME)";
			};
			name = Debug;
		};
		41E8FE5C1B30D3A700184B4B /* Release */ = {
			isa = XCBuildConfiguration;
			buildSettings = {
				ASSETCATALOG_COMPILER_APPICON_NAME = AppIcon;
				INFOPLIST_FILE = LoginProject/Info.plist;
				LD_RUNPATH_SEARCH_PATHS = "$(inherited) @executable_path/Frameworks";
				PRODUCT_NAME = "$(TARGET_NAME)";
			};
			name = Release;
		};
		41E8FE5E1B30D3A700184B4B /* Debug */ = {
			isa = XCBuildConfiguration;
			buildSettings = {
				BUNDLE_LOADER = "$(TEST_HOST)";
				FRAMEWORK_SEARCH_PATHS = (
					"$(SDKROOT)/Developer/Library/Frameworks",
					"$(inherited)",
				);
				GCC_PREPROCESSOR_DEFINITIONS = (
					"DEBUG=1",
					"$(inherited)",
				);
				INFOPLIST_FILE = LoginProjectTests/Info.plist;
				LD_RUNPATH_SEARCH_PATHS = "$(inherited) @executable_path/Frameworks @loader_path/Frameworks";
				PRODUCT_NAME = "$(TARGET_NAME)";
				TEST_HOST = "$(BUILT_PRODUCTS_DIR)/LoginProject.app/LoginProject";
			};
			name = Debug;
		};
		41E8FE5F1B30D3A700184B4B /* Release */ = {
			isa = XCBuildConfiguration;
			buildSettings = {
				BUNDLE_LOADER = "$(TEST_HOST)";
				FRAMEWORK_SEARCH_PATHS = (
					"$(SDKROOT)/Developer/Library/Frameworks",
					"$(inherited)",
				);
				INFOPLIST_FILE = LoginProjectTests/Info.plist;
				LD_RUNPATH_SEARCH_PATHS = "$(inherited) @executable_path/Frameworks @loader_path/Frameworks";
				PRODUCT_NAME = "$(TARGET_NAME)";
				TEST_HOST = "$(BUILT_PRODUCTS_DIR)/LoginProject.app/LoginProject";
			};
			name = Release;
		};
/* End XCBuildConfiguration section */

/* Begin XCConfigurationList section */
		41E8FE361B30D3A700184B4B /* Build configuration list for PBXProject "LoginProject" */ = {
			isa = XCConfigurationList;
			buildConfigurations = (
				41E8FE581B30D3A700184B4B /* Debug */,
				41E8FE591B30D3A700184B4B /* Release */,
			);
			defaultConfigurationIsVisible = 0;
			defaultConfigurationName = Release;
		};
		41E8FE5A1B30D3A700184B4B /* Build configuration list for PBXNativeTarget "LoginProject" */ = {
			isa = XCConfigurationList;
			buildConfigurations = (
				41E8FE5B1B30D3A700184B4B /* Debug */,
				41E8FE5C1B30D3A700184B4B /* Release */,
			);
			defaultConfigurationIsVisible = 0;
		};
		41E8FE5D1B30D3A700184B4B /* Build configuration list for PBXNativeTarget "LoginProjectTests" */ = {
			isa = XCConfigurationList;
			buildConfigurations = (
				41E8FE5E1B30D3A700184B4B /* Debug */,
				41E8FE5F1B30D3A700184B4B /* Release */,
			);
			defaultConfigurationIsVisible = 0;
		};
/* End XCConfigurationList section */
	};
	rootObject = 41E8FE331B30D3A700184B4B /* Project object */;
}
